// !$*UTF8*$!
{
	archiveVersion = 1;
	classes = {
	};
	objectVersion = 50;
	objects = {

/* Begin PBXBuildFile section */
		3BAC204126F87CEC00BCF210 /* AppDelegate.swift in Sources */ = {isa = PBXBuildFile; fileRef = 3BAC204026F87CEC00BCF210 /* AppDelegate.swift */; };
		3BAC204326F87CEC00BCF210 /* SceneDelegate.swift in Sources */ = {isa = PBXBuildFile; fileRef = 3BAC204226F87CEC00BCF210 /* SceneDelegate.swift */; };
		3BAC204526F87CEC00BCF210 /* ViewController.swift in Sources */ = {isa = PBXBuildFile; fileRef = 3BAC204426F87CEC00BCF210 /* ViewController.swift */; };
		3BAC204826F87CEC00BCF210 /* Main.storyboard in Resources */ = {isa = PBXBuildFile; fileRef = 3BAC204626F87CEC00BCF210 /* Main.storyboard */; };
		3BAC204A26F87CEF00BCF210 /* Assets.xcassets in Resources */ = {isa = PBXBuildFile; fileRef = 3BAC204926F87CEF00BCF210 /* Assets.xcassets */; };
		3BAC204D26F87CEF00BCF210 /* LaunchScreen.storyboard in Resources */ = {isa = PBXBuildFile; fileRef = 3BAC204B26F87CEF00BCF210 /* LaunchScreen.storyboard */; };
		3BAC205B26F87DB300BCF210 /* HappyChuseokTests.swift in Sources */ = {isa = PBXBuildFile; fileRef = 3BAC205A26F87DB300BCF210 /* HappyChuseokTests.swift */; };
/* End PBXBuildFile section */

/* Begin PBXContainerItemProxy section */
		3BAC205D26F87DB300BCF210 /* PBXContainerItemProxy */ = {
			isa = PBXContainerItemProxy;
			containerPortal = 3BAC203526F87CEC00BCF210 /* Project object */;
			proxyType = 1;
			remoteGlobalIDString = 3BAC203C26F87CEC00BCF210;
			remoteInfo = HappyChuseok;
		};
/* End PBXContainerItemProxy section */

/* Begin PBXFileReference section */
		3BAC203D26F87CEC00BCF210 /* HappyChuseok.app */ = {isa = PBXFileReference; explicitFileType = wrapper.application; includeInIndex = 0; path = HappyChuseok.app; sourceTree = BUILT_PRODUCTS_DIR; };
		3BAC204026F87CEC00BCF210 /* AppDelegate.swift */ = {isa = PBXFileReference; lastKnownFileType = sourcecode.swift; path = AppDelegate.swift; sourceTree = "<group>"; };
		3BAC204226F87CEC00BCF210 /* SceneDelegate.swift */ = {isa = PBXFileReference; lastKnownFileType = sourcecode.swift; path = SceneDelegate.swift; sourceTree = "<group>"; };
		3BAC204426F87CEC00BCF210 /* ViewController.swift */ = {isa = PBXFileReference; lastKnownFileType = sourcecode.swift; path = ViewController.swift; sourceTree = "<group>"; };
		3BAC204726F87CEC00BCF210 /* Base */ = {isa = PBXFileReference; lastKnownFileType = file.storyboard; name = Base; path = Base.lproj/Main.storyboard; sourceTree = "<group>"; };
		3BAC204926F87CEF00BCF210 /* Assets.xcassets */ = {isa = PBXFileReference; lastKnownFileType = folder.assetcatalog; path = Assets.xcassets; sourceTree = "<group>"; };
		3BAC204C26F87CEF00BCF210 /* Base */ = {isa = PBXFileReference; lastKnownFileType = file.storyboard; name = Base; path = Base.lproj/LaunchScreen.storyboard; sourceTree = "<group>"; };
		3BAC204E26F87CEF00BCF210 /* Info.plist */ = {isa = PBXFileReference; lastKnownFileType = text.plist.xml; path = Info.plist; sourceTree = "<group>"; };
		3BAC205826F87DB300BCF210 /* HappyChuseokTests.xctest */ = {isa = PBXFileReference; explicitFileType = wrapper.cfbundle; includeInIndex = 0; path = HappyChuseokTests.xctest; sourceTree = BUILT_PRODUCTS_DIR; };
		3BAC205A26F87DB300BCF210 /* HappyChuseokTests.swift */ = {isa = PBXFileReference; lastKnownFileType = sourcecode.swift; path = HappyChuseokTests.swift; sourceTree = "<group>"; };
		3BAC205C26F87DB300BCF210 /* Info.plist */ = {isa = PBXFileReference; lastKnownFileType = text.plist.xml; path = Info.plist; sourceTree = "<group>"; };
/* End PBXFileReference section */

/* Begin PBXFrameworksBuildPhase section */
		3BAC203A26F87CEC00BCF210 /* Frameworks */ = {
			isa = PBXFrameworksBuildPhase;
			buildActionMask = 2147483647;
			files = (
			);
			runOnlyForDeploymentPostprocessing = 0;
		};
		3BAC205526F87DB300BCF210 /* Frameworks */ = {
			isa = PBXFrameworksBuildPhase;
			buildActionMask = 2147483647;
			files = (
			);
			runOnlyForDeploymentPostprocessing = 0;
		};
/* End PBXFrameworksBuildPhase section */

/* Begin PBXGroup section */
		3BAC203426F87CEC00BCF210 = {
			isa = PBXGroup;
			children = (
				3BAC203F26F87CEC00BCF210 /* HappyChuseok */,
				3BAC205926F87DB300BCF210 /* HappyChuseokTests */,
				3BAC203E26F87CEC00BCF210 /* Products */,
			);
			sourceTree = "<group>";
		};
		3BAC203E26F87CEC00BCF210 /* Products */ = {
			isa = PBXGroup;
			children = (
				3BAC203D26F87CEC00BCF210 /* HappyChuseok.app */,
				3BAC205826F87DB300BCF210 /* HappyChuseokTests.xctest */,
			);
			name = Products;
			sourceTree = "<group>";
		};
		3BAC203F26F87CEC00BCF210 /* HappyChuseok */ = {
			isa = PBXGroup;
			children = (
				3BAC204026F87CEC00BCF210 /* AppDelegate.swift */,
				3BAC204226F87CEC00BCF210 /* SceneDelegate.swift */,
				3BAC204426F87CEC00BCF210 /* ViewController.swift */,
				3BAC204626F87CEC00BCF210 /* Main.storyboard */,
				3BAC204926F87CEF00BCF210 /* Assets.xcassets */,
				3BAC204B26F87CEF00BCF210 /* LaunchScreen.storyboard */,
				3BAC204E26F87CEF00BCF210 /* Info.plist */,
			);
			path = HappyChuseok;
			sourceTree = "<group>";
		};
		3BAC205926F87DB300BCF210 /* HappyChuseokTests */ = {
			isa = PBXGroup;
			children = (
				3BAC205A26F87DB300BCF210 /* HappyChuseokTests.swift */,
				3BAC205C26F87DB300BCF210 /* Info.plist */,
			);
			path = HappyChuseokTests;
			sourceTree = "<group>";
		};
/* End PBXGroup section */

/* Begin PBXNativeTarget section */
		3BAC203C26F87CEC00BCF210 /* HappyChuseok */ = {
			isa = PBXNativeTarget;
			buildConfigurationList = 3BAC205126F87CEF00BCF210 /* Build configuration list for PBXNativeTarget "HappyChuseok" */;
			buildPhases = (
				3BAC203926F87CEC00BCF210 /* Sources */,
				3BAC203A26F87CEC00BCF210 /* Frameworks */,
				3BAC203B26F87CEC00BCF210 /* Resources */,
			);
			buildRules = (
			);
			dependencies = (
			);
			name = HappyChuseok;
			productName = HappyChuseok;
			productReference = 3BAC203D26F87CEC00BCF210 /* HappyChuseok.app */;
			productType = "com.apple.product-type.application";
		};
		3BAC205726F87DB300BCF210 /* HappyChuseokTests */ = {
			isa = PBXNativeTarget;
			buildConfigurationList = 3BAC205F26F87DB300BCF210 /* Build configuration list for PBXNativeTarget "HappyChuseokTests" */;
			buildPhases = (
				3BAC205426F87DB300BCF210 /* Sources */,
				3BAC205526F87DB300BCF210 /* Frameworks */,
				3BAC205626F87DB300BCF210 /* Resources */,
			);
			buildRules = (
			);
			dependencies = (
				3BAC205E26F87DB300BCF210 /* PBXTargetDependency */,
			);
			name = HappyChuseokTests;
			productName = HappyChuseokTests;
			productReference = 3BAC205826F87DB300BCF210 /* HappyChuseokTests.xctest */;
			productType = "com.apple.product-type.bundle.unit-test";
		};
/* End PBXNativeTarget section */

/* Begin PBXProject section */
		3BAC203526F87CEC00BCF210 /* Project object */ = {
			isa = PBXProject;
			attributes = {
				LastSwiftUpdateCheck = 1250;
				LastUpgradeCheck = 1250;
				TargetAttributes = {
					3BAC203C26F87CEC00BCF210 = {
						CreatedOnToolsVersion = 12.5.1;
					};
					3BAC205726F87DB300BCF210 = {
						CreatedOnToolsVersion = 12.5.1;
						TestTargetID = 3BAC203C26F87CEC00BCF210;
					};
				};
			};
			buildConfigurationList = 3BAC203826F87CEC00BCF210 /* Build configuration list for PBXProject "HappyChuseok" */;
			compatibilityVersion = "Xcode 9.3";
			developmentRegion = en;
			hasScannedForEncodings = 0;
			knownRegions = (
				en,
				Base,
			);
			mainGroup = 3BAC203426F87CEC00BCF210;
			productRefGroup = 3BAC203E26F87CEC00BCF210 /* Products */;
			projectDirPath = "";
			projectRoot = "";
			targets = (
				3BAC203C26F87CEC00BCF210 /* HappyChuseok */,
				3BAC205726F87DB300BCF210 /* HappyChuseokTests */,
			);
		};
/* End PBXProject section */

/* Begin PBXResourcesBuildPhase section */
		3BAC203B26F87CEC00BCF210 /* Resources */ = {
			isa = PBXResourcesBuildPhase;
			buildActionMask = 2147483647;
			files = (
				3BAC204D26F87CEF00BCF210 /* LaunchScreen.storyboard in Resources */,
				3BAC204A26F87CEF00BCF210 /* Assets.xcassets in Resources */,
				3BAC204826F87CEC00BCF210 /* Main.storyboard in Resources */,
			);
			runOnlyForDeploymentPostprocessing = 0;
		};
		3BAC205626F87DB300BCF210 /* Resources */ = {
			isa = PBXResourcesBuildPhase;
			buildActionMask = 2147483647;
			files = (
			);
			runOnlyForDeploymentPostprocessing = 0;
		};
/* End PBXResourcesBuildPhase section */

/* Begin PBXSourcesBuildPhase section */
		3BAC203926F87CEC00BCF210 /* Sources */ = {
			isa = PBXSourcesBuildPhase;
			buildActionMask = 2147483647;
			files = (
				3BAC204526F87CEC00BCF210 /* ViewController.swift in Sources */,
				3BAC204126F87CEC00BCF210 /* AppDelegate.swift in Sources */,
				3BAC204326F87CEC00BCF210 /* SceneDelegate.swift in Sources */,
			);
			runOnlyForDeploymentPostprocessing = 0;
		};
		3BAC205426F87DB300BCF210 /* Sources */ = {
			isa = PBXSourcesBuildPhase;
			buildActionMask = 2147483647;
			files = (
				3BAC205B26F87DB300BCF210 /* HappyChuseokTests.swift in Sources */,
			);
			runOnlyForDeploymentPostprocessing = 0;
		};
/* End PBXSourcesBuildPhase section */

/* Begin PBXTargetDependency section */
		3BAC205E26F87DB300BCF210 /* PBXTargetDependency */ = {
			isa = PBXTargetDependency;
			target = 3BAC203C26F87CEC00BCF210 /* HappyChuseok */;
			targetProxy = 3BAC205D26F87DB300BCF210 /* PBXContainerItemProxy */;
		};
/* End PBXTargetDependency section */

/* Begin PBXVariantGroup section */
		3BAC204626F87CEC00BCF210 /* Main.storyboard */ = {
			isa = PBXVariantGroup;
			children = (
				3BAC204726F87CEC00BCF210 /* Base */,
			);
			name = Main.storyboard;
			sourceTree = "<group>";
		};
		3BAC204B26F87CEF00BCF210 /* LaunchScreen.storyboard */ = {
			isa = PBXVariantGroup;
			children = (
				3BAC204C26F87CEF00BCF210 /* Base */,
			);
			name = LaunchScreen.storyboard;
			sourceTree = "<group>";
		};
/* End PBXVariantGroup section */

/* Begin XCBuildConfiguration section */
		3BAC204F26F87CEF00BCF210 /* Debug */ = {
			isa = XCBuildConfiguration;
			buildSettings = {
				ALWAYS_SEARCH_USER_PATHS = NO;
				CLANG_ANALYZER_NONNULL = YES;
				CLANG_ANALYZER_NUMBER_OBJECT_CONVERSION = YES_AGGRESSIVE;
				CLANG_CXX_LANGUAGE_STANDARD = "gnu++14";
				CLANG_CXX_LIBRARY = "libc++";
				CLANG_ENABLE_MODULES = YES;
				CLANG_ENABLE_OBJC_ARC = YES;
				CLANG_ENABLE_OBJC_WEAK = YES;
				CLANG_WARN_BLOCK_CAPTURE_AUTORELEASING = YES;
				CLANG_WARN_BOOL_CONVERSION = YES;
				CLANG_WARN_COMMA = YES;
				CLANG_WARN_CONSTANT_CONVERSION = YES;
				CLANG_WARN_DEPRECATED_OBJC_IMPLEMENTATIONS = YES;
				CLANG_WARN_DIRECT_OBJC_ISA_USAGE = YES_ERROR;
				CLANG_WARN_DOCUMENTATION_COMMENTS = YES;
				CLANG_WARN_EMPTY_BODY = YES;
				CLANG_WARN_ENUM_CONVERSION = YES;
				CLANG_WARN_INFINITE_RECURSION = YES;
				CLANG_WARN_INT_CONVERSION = YES;
				CLANG_WARN_NON_LITERAL_NULL_CONVERSION = YES;
				CLANG_WARN_OBJC_IMPLICIT_RETAIN_SELF = YES;
				CLANG_WARN_OBJC_LITERAL_CONVERSION = YES;
				CLANG_WARN_OBJC_ROOT_CLASS = YES_ERROR;
				CLANG_WARN_QUOTED_INCLUDE_IN_FRAMEWORK_HEADER = YES;
				CLANG_WARN_RANGE_LOOP_ANALYSIS = YES;
				CLANG_WARN_STRICT_PROTOTYPES = YES;
				CLANG_WARN_SUSPICIOUS_MOVE = YES;
				CLANG_WARN_UNGUARDED_AVAILABILITY = YES_AGGRESSIVE;
				CLANG_WARN_UNREACHABLE_CODE = YES;
				CLANG_WARN__DUPLICATE_METHOD_MATCH = YES;
				COPY_PHASE_STRIP = NO;
				DEBUG_INFORMATION_FORMAT = dwarf;
				ENABLE_STRICT_OBJC_MSGSEND = YES;
				ENABLE_TESTABILITY = YES;
				GCC_C_LANGUAGE_STANDARD = gnu11;
				GCC_DYNAMIC_NO_PIC = NO;
				GCC_NO_COMMON_BLOCKS = YES;
				GCC_OPTIMIZATION_LEVEL = 0;
				GCC_PREPROCESSOR_DEFINITIONS = (
					"DEBUG=1",
					"$(inherited)",
				);
				GCC_WARN_64_TO_32_BIT_CONVERSION = YES;
				GCC_WARN_ABOUT_RETURN_TYPE = YES_ERROR;
				GCC_WARN_UNDECLARED_SELECTOR = YES;
				GCC_WARN_UNINITIALIZED_AUTOS = YES_AGGRESSIVE;
				GCC_WARN_UNUSED_FUNCTION = YES;
				GCC_WARN_UNUSED_VARIABLE = YES;
				IPHONEOS_DEPLOYMENT_TARGET = 14.4;
				MTL_ENABLE_DEBUG_INFO = INCLUDE_SOURCE;
				MTL_FAST_MATH = YES;
				ONLY_ACTIVE_ARCH = YES;
				SDKROOT = iphoneos;
				SWIFT_ACTIVE_COMPILATION_CONDITIONS = DEBUG;
				SWIFT_OPTIMIZATION_LEVEL = "-Onone";
			};
			name = Debug;
		};
		3BAC205026F87CEF00BCF210 /* Release */ = {
			isa = XCBuildConfiguration;
			buildSettings = {
				ALWAYS_SEARCH_USER_PATHS = NO;
				CLANG_ANALYZER_NONNULL = YES;
				CLANG_ANALYZER_NUMBER_OBJECT_CONVERSION = YES_AGGRESSIVE;
				CLANG_CXX_LANGUAGE_STANDARD = "gnu++14";
				CLANG_CXX_LIBRARY = "libc++";
				CLANG_ENABLE_MODULES = YES;
				CLANG_ENABLE_OBJC_ARC = YES;
				CLANG_ENABLE_OBJC_WEAK = YES;
				CLANG_WARN_BLOCK_CAPTURE_AUTORELEASING = YES;
				CLANG_WARN_BOOL_CONVERSION = YES;
				CLANG_WARN_COMMA = YES;
				CLANG_WARN_CONSTANT_CONVERSION = YES;
				CLANG_WARN_DEPRECATED_OBJC_IMPLEMENTATIONS = YES;
				CLANG_WARN_DIRECT_OBJC_ISA_USAGE = YES_ERROR;
				CLANG_WARN_DOCUMENTATION_COMMENTS = YES;
				CLANG_WARN_EMPTY_BODY = YES;
				CLANG_WARN_ENUM_CONVERSION = YES;
				CLANG_WARN_INFINITE_RECURSION = YES;
				CLANG_WARN_INT_CONVERSION = YES;
				CLANG_WARN_NON_LITERAL_NULL_CONVERSION = YES;
				CLANG_WARN_OBJC_IMPLICIT_RETAIN_SELF = YES;
				CLANG_WARN_OBJC_LITERAL_CONVERSION = YES;
				CLANG_WARN_OBJC_ROOT_CLASS = YES_ERROR;
				CLANG_WARN_QUOTED_INCLUDE_IN_FRAMEWORK_HEADER = YES;
				CLANG_WARN_RANGE_LOOP_ANALYSIS = YES;
				CLANG_WARN_STRICT_PROTOTYPES = YES;
				CLANG_WARN_SUSPICIOUS_MOVE = YES;
				CLANG_WARN_UNGUARDED_AVAILABILITY = YES_AGGRESSIVE;
				CLANG_WARN_UNREACHABLE_CODE = YES;
				CLANG_WARN__DUPLICATE_METHOD_MATCH = YES;
				COPY_PHASE_STRIP = NO;
				DEBUG_INFORMATION_FORMAT = "dwarf-with-dsym";
				ENABLE_NS_ASSERTIONS = NO;
				ENABLE_STRICT_OBJC_MSGSEND = YES;
				GCC_C_LANGUAGE_STANDARD = gnu11;
				GCC_NO_COMMON_BLOCKS = YES;
				GCC_WARN_64_TO_32_BIT_CONVERSION = YES;
				GCC_WARN_ABOUT_RETURN_TYPE = YES_ERROR;
				GCC_WARN_UNDECLARED_SELECTOR = YES;
				GCC_WARN_UNINITIALIZED_AUTOS = YES_AGGRESSIVE;
				GCC_WARN_UNUSED_FUNCTION = YES;
				GCC_WARN_UNUSED_VARIABLE = YES;
				IPHONEOS_DEPLOYMENT_TARGET = 14.4;
				MTL_ENABLE_DEBUG_INFO = NO;
				MTL_FAST_MATH = YES;
				SDKROOT = iphoneos;
				SWIFT_COMPILATION_MODE = wholemodule;
				SWIFT_OPTIMIZATION_LEVEL = "-O";
				VALIDATE_PRODUCT = YES;
			};
			name = Release;
		};
		3BAC205226F87CEF00BCF210 /* Debug */ = {
			isa = XCBuildConfiguration;
			buildSettings = {
				ASSETCATALOG_COMPILER_APPICON_NAME = AppIcon;
				ASSETCATALOG_COMPILER_GLOBAL_ACCENT_COLOR_NAME = AccentColor;
				CODE_SIGN_STYLE = Automatic;
				DEVELOPMENT_TEAM = Y4XABUQ539;
				INFOPLIST_FILE = HappyChuseok/Info.plist;
				LD_RUNPATH_SEARCH_PATHS = (
					"$(inherited)",
					"@executable_path/Frameworks",
				);
				PRODUCT_BUNDLE_IDENTIFIER = com.sujinnaljin.HappyChuseok;
				PRODUCT_NAME = "$(TARGET_NAME)";
				SWIFT_VERSION = 5.0;
				TARGETED_DEVICE_FAMILY = "1,2";
			};
			name = Debug;
		};
		3BAC205326F87CEF00BCF210 /* Release */ = {
			isa = XCBuildConfiguration;
			buildSettings = {
				ASSETCATALOG_COMPILER_APPICON_NAME = AppIcon;
				ASSETCATALOG_COMPILER_GLOBAL_ACCENT_COLOR_NAME = AccentColor;
				CODE_SIGN_STYLE = Automatic;
				DEVELOPMENT_TEAM = Y4XABUQ539;
				INFOPLIST_FILE = HappyChuseok/Info.plist;
				LD_RUNPATH_SEARCH_PATHS = (
					"$(inherited)",
					"@executable_path/Frameworks",
				);
				PRODUCT_BUNDLE_IDENTIFIER = com.sujinnaljin.HappyChuseok;
				PRODUCT_NAME = "$(TARGET_NAME)";
				SWIFT_VERSION = 5.0;
				TARGETED_DEVICE_FAMILY = "1,2";
			};
			name = Release;
		};
		3BAC206026F87DB300BCF210 /* Debug */ = {
			isa = XCBuildConfiguration;
			buildSettings = {
				BUNDLE_LOADER = "$(TEST_HOST)";
				CODE_SIGN_STYLE = Automatic;
				DEVELOPMENT_TEAM = Y4XABUQ539;
				INFOPLIST_FILE = HappyChuseokTests/Info.plist;
				LD_RUNPATH_SEARCH_PATHS = (
					"$(inherited)",
					"@executable_path/Frameworks",
					"@loader_path/Frameworks",
				);
				PRODUCT_BUNDLE_IDENTIFIER = com.sujinnaljin.HappyChuseokTests;
				PRODUCT_NAME = "$(TARGET_NAME)";
				SWIFT_VERSION = 5.0;
				TARGETED_DEVICE_FAMILY = "1,2";
				TEST_HOST = "$(BUILT_PRODUCTS_DIR)/HappyChuseok.app/HappyChuseok";
			};
			name = Debug;
		};
		3BAC206126F87DB300BCF210 /* Release */ = {
			isa = XCBuildConfiguration;
			buildSettings = {
				BUNDLE_LOADER = "$(TEST_HOST)";
				CODE_SIGN_STYLE = Automatic;
				DEVELOPMENT_TEAM = Y4XABUQ539;
				INFOPLIST_FILE = HappyChuseokTests/Info.plist;
				LD_RUNPATH_SEARCH_PATHS = (
					"$(inherited)",
					"@executable_path/Frameworks",
					"@loader_path/Frameworks",
				);
				PRODUCT_BUNDLE_IDENTIFIER = com.sujinnaljin.HappyChuseokTests;
				PRODUCT_NAME = "$(TARGET_NAME)";
				SWIFT_VERSION = 5.0;
				TARGETED_DEVICE_FAMILY = "1,2";
				TEST_HOST = "$(BUILT_PRODUCTS_DIR)/HappyChuseok.app/HappyChuseok";
			};
			name = Release;
		};
/* End XCBuildConfiguration section */

/* Begin XCConfigurationList section */
		3BAC203826F87CEC00BCF210 /* Build configuration list for PBXProject "HappyChuseok" */ = {
			isa = XCConfigurationList;
			buildConfigurations = (
				3BAC204F26F87CEF00BCF210 /* Debug */,
				3BAC205026F87CEF00BCF210 /* Release */,
			);
			defaultConfigurationIsVisible = 0;
			defaultConfigurationName = Release;
		};
		3BAC205126F87CEF00BCF210 /* Build configuration list for PBXNativeTarget "HappyChuseok" */ = {
			isa = XCConfigurationList;
			buildConfigurations = (
				3BAC205226F87CEF00BCF210 /* Debug */,
				3BAC205326F87CEF00BCF210 /* Release */,
			);
			defaultConfigurationIsVisible = 0;
			defaultConfigurationName = Release;
		};
		3BAC205F26F87DB300BCF210 /* Build configuration list for PBXNativeTarget "HappyChuseokTests" */ = {
			isa = XCConfigurationList;
			buildConfigurations = (
				3BAC206026F87DB300BCF210 /* Debug */,
				3BAC206126F87DB300BCF210 /* Release */,
			);
			defaultConfigurationIsVisible = 0;
			defaultConfigurationName = Release;
		};
/* End XCConfigurationList section */
	};
	rootObject = 3BAC203526F87CEC00BCF210 /* Project object */;
}
